{
  "name": "git-changelog-command-line-test",
  "version": "0.6.0",
  "lockfileVersion": 2,
  "requires": true,
  "packages": {
    "": {
      "name": "git-changelog-command-line-test",
      "version": "0.6.0",
      "license": "Apache 2",
      "dependencies": {
        "npm-java-runner": "0.0.6"
      },
      "bin": {
        "git-changelog-command-line-test": "index.js"
      }
    },
    "node_modules/npm-java-runner": {
      "version": "0.0.6",
      "resolved": "https://registry.npmjs.org/npm-java-runner/-/npm-java-runner-0.0.6.tgz",
      "integrity": "sha512-yMouXh75n1sCe6JyJII2KeSu07HYsWLsimuUneJ3b7X6WqlGOCR/iUPmrJm6z0xCwbXHM4N+Ej3uxAsh8AvoxA=="
    }
  },
  "dependencies": {
    "npm-java-runner": {
      "version": "0.0.6",
      "resolved": "https://registry.npmjs.org/npm-java-runner/-/npm-java-runner-0.0.6.tgz",
      "integrity": "sha512-yMouXh75n1sCe6JyJII2KeSu07HYsWLsimuUneJ3b7X6WqlGOCR/iUPmrJm6z0xCwbXHM4N+Ej3uxAsh8AvoxA=="
    }
  }
}
