{
  "name": "git-changelog-command-line-test",
  "version": "0.6.0",
  "lockfileVersion": 2,
  "requires": true,
  "packages": {
    "": {
      "name": "git-changelog-command-line-test",
      "version": "0.6.0",
      "license": "Apache 2",
      "dependencies": {
        "npm-java-runner": "0.0.5"
      },
      "bin": {
        "git-changelog-command-line-test": "index.js"
      }
    },
    "node_modules/npm-java-runner": {
      "version": "0.0.5",
      "resolved": "https://registry.npmjs.org/npm-java-runner/-/npm-java-runner-0.0.5.tgz",
      "integrity": "sha512-tWaK8lmHbcpjZnu99Q0ZE7hJowKvlcB3kALMlW8bb/DQKoWpn3jNt3m6jclJe1HIHFCE73/IOpiuQxFDji+NTw=="
    }
  },
  "dependencies": {
    "npm-java-runner": {
      "version": "0.0.5",
      "resolved": "https://registry.npmjs.org/npm-java-runner/-/npm-java-runner-0.0.5.tgz",
      "integrity": "sha512-tWaK8lmHbcpjZnu99Q0ZE7hJowKvlcB3kALMlW8bb/DQKoWpn3jNt3m6jclJe1HIHFCE73/IOpiuQxFDji+NTw=="
    }
  }
}
