{
  "name": "git-changelog-command-line-test",
  "version": "1.94.0",
  "lockfileVersion": 2,
  "requires": true,
  "packages": {
    "": {
      "name": "git-changelog-command-line-test",
      "version": "1.94.0",
      "license": "Apache 2",
      "dependencies": {
        "npm-java-runner": "0.0.3"
      },
      "bin": {
        "git-changelog-command-line-test": "index.js"
      }
    },
    "node_modules/npm-java-runner": {
      "version": "0.0.3",
      "resolved": "https://registry.npmjs.org/npm-java-runner/-/npm-java-runner-0.0.3.tgz",
      "integrity": "sha512-5IExSsTp5lmqQyD1YW/BtI9M68ubtziQs0Q150y52oMD5v4nzsjrS2elhkZAwr58GVD8Cuot59EFJ4o45ydJGQ=="
    }
  },
  "dependencies": {
    "npm-java-runner": {
      "version": "0.0.3",
      "resolved": "https://registry.npmjs.org/npm-java-runner/-/npm-java-runner-0.0.3.tgz",
      "integrity": "sha512-5IExSsTp5lmqQyD1YW/BtI9M68ubtziQs0Q150y52oMD5v4nzsjrS2elhkZAwr58GVD8Cuot59EFJ4o45ydJGQ=="
    }
  }
}
